
Microsoft Visual Studio Solution File, Format Version 12.00
# Visual Studio Version 17
VisualStudioVersion = 17.1.32328.378
MinimumVisualStudioVersion = 10.0.40219.1
Project("{FAE04EC0-301F-11D3-BF4B-00C04F79EFBC}") = "noteTaker", "noteTaker.csproj", "{CBF75D1C-6830-446C-9849-963480A0D6E1}"
EndProject
Global
	GlobalSection(SolutionConfigurationPlatforms) = preSolution
		Debug|Any CPU = Debug|Any CPU
		Release|Any CPU = Release|Any CPU
	EndGlobalSection
	GlobalSection(ProjectConfigurationPlatforms) = postSolution
		{CBF75D1C-6830-446C-9849-963480A0D6E1}.Debug|Any CPU.ActiveCfg = Debug|Any CPU
		{CBF75D1C-6830-446C-9849-963480A0D6E1}.Debug|Any CPU.Build.0 = Debug|Any CPU
		{CBF75D1C-6830-446C-9849-963480A0D6E1}.Release|Any CPU.ActiveCfg = Release|Any CPU
		{CBF75D1C-6830-446C-9849-963480A0D6E1}.Release|Any CPU.Build.0 = Release|Any CPU
	EndGlobalSection
	GlobalSection(SolutionProperties) = preSolution
		HideSolutionNode = FALSE
	EndGlobalSection
	GlobalSection(ExtensibilityGlobals) = postSolution
		SolutionGuid = {73432394-EB59-49EB-A7B2-D5856C61D40F}
	EndGlobalSection
EndGlobal
